{
    "name": "com.swttt.homeydash",
    "version": "0.0.1",
    "lockfileVersion": 1,
    "dependencies": {
        "is-buffer": {
            "version": "1.1.5",
            "resolved": "https://registry.npmjs.org/is-buffer/-/is-buffer-1.1.5.tgz",
            "integrity": "sha1-Hzsm72E7IUuIy8ojzGwB2Hlh7sw="
        },
        "is-number": {
            "version": "3.0.0",
            "resolved": "https://registry.npmjs.org/is-number/-/is-number-3.0.0.tgz",
            "integrity": "sha1-JP1iAaR4LPUFYcgQJ2r8fRLXEZU=",
            "dependencies": {
                "kind-of": {
                    "version": "3.2.2",
                    "resolved": "https://registry.npmjs.org/kind-of/-/kind-of-3.2.2.tgz",
                    "integrity": "sha1-MeohpzS6ubuw8yRm2JOupR5KPGQ="
                }
            }
        },
        "kind-of": {
            "version": "4.0.0",
            "resolved": "https://registry.npmjs.org/kind-of/-/kind-of-4.0.0.tgz",
            "integrity": "sha1-IIE989cSkosgc3hpGkUGb65y3Vc="
        },
        "randomatic": {
            "version": "1.1.7",
            "resolved": "https://registry.npmjs.org/randomatic/-/randomatic-1.1.7.tgz",
            "integrity": "sha512-D5JUjPyJbaJDkuAazpVnSfVkLlpeO3wDlPROTMLGKG1zMFNFRgrciKo1ltz/AzNTkqE0HzDx655QOL51N06how=="
        }
    }
}
